
Microsoft Visual Studio Solution File, Format Version 12.00
# Visual Studio Version 16
VisualStudioVersion = 16.0.30523.141
MinimumVisualStudioVersion = 10.0.40219.1
Project("{FAE04EC0-301F-11D3-BF4B-00C04F79EFBC}") = "Hutanu_Diana_Lab8", "Hutanu_Diana_Lab8.csproj", "{5E078B8D-4525-47AD-8672-76E8A32FFDB1}"
EndProject
Global
	GlobalSection(SolutionConfigurationPlatforms) = preSolution
		Debug|Any CPU = Debug|Any CPU
		Release|Any CPU = Release|Any CPU
	EndGlobalSection
	GlobalSection(ProjectConfigurationPlatforms) = postSolution
		{5E078B8D-4525-47AD-8672-76E8A32FFDB1}.Debug|Any CPU.ActiveCfg = Debug|Any CPU
		{5E078B8D-4525-47AD-8672-76E8A32FFDB1}.Debug|Any CPU.Build.0 = Debug|Any CPU
		{5E078B8D-4525-47AD-8672-76E8A32FFDB1}.Release|Any CPU.ActiveCfg = Release|Any CPU
		{5E078B8D-4525-47AD-8672-76E8A32FFDB1}.Release|Any CPU.Build.0 = Release|Any CPU
	EndGlobalSection
	GlobalSection(SolutionProperties) = preSolution
		HideSolutionNode = FALSE
	EndGlobalSection
	GlobalSection(ExtensibilityGlobals) = postSolution
		SolutionGuid = {719F450B-7B2B-49ED-9730-D2AC7F948A35}
	EndGlobalSection
EndGlobal
